
Microsoft Visual Studio Solution File, Format Version 12.00
# Visual Studio 2015
Project("{FAE04EC0-301F-11D3-BF4B-00C04F79EFBC}") = "towerdefense3D.CSharp", "towerdefense3D.CSharp.csproj", "{77CFA435-6080-1473-E016-ED86A8C63A78}"
EndProject
Global
	GlobalSection(SolutionConfigurationPlatforms) = preSolution
		Debug|Any CPU = Debug|Any CPU
		Release|Any CPU = Release|Any CPU
	EndGlobalSection
	GlobalSection(ProjectConfigurationPlatforms) = postSolution
		{77CFA435-6080-1473-E016-ED86A8C63A78}.Debug|Any CPU.ActiveCfg = Debug|Any CPU
		{77CFA435-6080-1473-E016-ED86A8C63A78}.Debug|Any CPU.Build.0 = Debug|Any CPU
		{77CFA435-6080-1473-E016-ED86A8C63A78}.Release|Any CPU.ActiveCfg = Release|Any CPU
		{77CFA435-6080-1473-E016-ED86A8C63A78}.Release|Any CPU.Build.0 = Release|Any CPU
	EndGlobalSection
	GlobalSection(SolutionProperties) = preSolution
		HideSolutionNode = FALSE
	EndGlobalSection
EndGlobal
